Microsoft Visual Studio Solution File, Format Version 11.00
# Visual Studio 2008

Project("{1E85B56D-C168-0834-C297-CCC8CF3B0FC7}") = "SnakeGame", "Assembly-CSharp-firstpass.csproj", "{B3185148-E0B8-4E79-D640-D3CCC6F85C7C}"
EndProject
Project("{1E85B56D-C168-0834-C297-CCC8CF3B0FC7}") = "SnakeGame", "Assembly-CSharp.csproj", "{43FBA058-4F56-B108-8FF4-7AC9224F51E0}"
EndProject
Project("{1E85B56D-C168-0834-C297-CCC8CF3B0FC7}") = "SnakeGame", "Assembly-CSharp-Editor-firstpass.csproj", "{B38E2F14-833D-C1A7-2CBB-9FA19E739F6A}"
EndProject
Global
	GlobalSection(SolutionConfigurationPlatforms) = preSolution
		Debug|Any CPU = Debug|Any CPU
		Release|Any CPU = Release|Any CPU
	EndGlobalSection
	GlobalSection(ProjectConfigurationPlatforms) = postSolution
		{B3185148-E0B8-4E79-D640-D3CCC6F85C7C}.Debug|Any CPU.ActiveCfg = Debug|Any CPU
		{B3185148-E0B8-4E79-D640-D3CCC6F85C7C}.Debug|Any CPU.Build.0 = Debug|Any CPU
		{B3185148-E0B8-4E79-D640-D3CCC6F85C7C}.Release|Any CPU.ActiveCfg = Release|Any CPU
		{B3185148-E0B8-4E79-D640-D3CCC6F85C7C}.Release|Any CPU.Build.0 = Release|Any CPU
		{43FBA058-4F56-B108-8FF4-7AC9224F51E0}.Debug|Any CPU.ActiveCfg = Debug|Any CPU
		{43FBA058-4F56-B108-8FF4-7AC9224F51E0}.Debug|Any CPU.Build.0 = Debug|Any CPU
		{43FBA058-4F56-B108-8FF4-7AC9224F51E0}.Release|Any CPU.ActiveCfg = Release|Any CPU
		{43FBA058-4F56-B108-8FF4-7AC9224F51E0}.Release|Any CPU.Build.0 = Release|Any CPU
		{B38E2F14-833D-C1A7-2CBB-9FA19E739F6A}.Debug|Any CPU.ActiveCfg = Debug|Any CPU
		{B38E2F14-833D-C1A7-2CBB-9FA19E739F6A}.Debug|Any CPU.Build.0 = Debug|Any CPU
		{B38E2F14-833D-C1A7-2CBB-9FA19E739F6A}.Release|Any CPU.ActiveCfg = Release|Any CPU
		{B38E2F14-833D-C1A7-2CBB-9FA19E739F6A}.Release|Any CPU.Build.0 = Release|Any CPU
	EndGlobalSection
	GlobalSection(SolutionProperties) = preSolution
		HideSolutionNode = FALSE
	EndGlobalSection
	GlobalSection(MonoDevelopProperties) = preSolution
		StartupItem = Assembly-CSharp.csproj
	EndGlobalSection
EndGlobal
